
Microsoft Visual Studio Solution File, Format Version 12.00
# Visual Studio 2012
Project("{FAE04EC0-301F-11D3-BF4B-00C04F79EFBC}") = "XBSLink", "XBSlink\XBSLink.csproj", "{60AED2EE-9511-4FC0-BE50-DC440E4EF254}"
EndProject
Project("{FAE04EC0-301F-11D3-BF4B-00C04F79EFBC}") = "SharpPcap", "SharpPcap\SharpPcap.csproj", "{24262E52-1304-4A25-8F73-A3B06E40592E}"
EndProject
Project("{FAE04EC0-301F-11D3-BF4B-00C04F79EFBC}") = "PacketDotNet", "PacketDotNet\PacketDotNet.csproj", "{55ABBA4C-AAF9-4726-A592-0C92436CEC92}"
EndProject
Project("{FAE04EC0-301F-11D3-BF4B-00C04F79EFBC}") = "Mono.Nat", "Mono.Nat\Mono.Nat.csproj", "{F5D74163-145F-47BF-83DC-D0E07249C6CA}"
EndProject
Project("{FAE04EC0-301F-11D3-BF4B-00C04F79EFBC}") = "XBSLink.Library", "XBSLink.Library\XBSLink.Library.csproj", "{0E25778C-03CD-4751-A2B1-4DE07DCAE333}"
EndProject
Project("{FAE04EC0-301F-11D3-BF4B-00C04F79EFBC}") = "XBSLink.Client.Console", "XBSLink.Client.Console\XBSLink.Client.Console.csproj", "{2B4520E7-03ED-4EA6-A1AA-D2E5C692837C}"
EndProject
Project("{FAE04EC0-301F-11D3-BF4B-00C04F79EFBC}") = "XBSLink.Client.Windows", "XBSLink.Client.Windows\XBSLink.Client.Windows.csproj", "{A7D94057-D33F-4521-9B01-3EBB8C930BD2}"
EndProject
Project("{FAE04EC0-301F-11D3-BF4B-00C04F79EFBC}") = "XBSLink.Client.Service", "XBSLink.Client.Service\XBSLink.Client.Service.csproj", "{5E07D6A8-870B-4ABD-A223-DFA9AECD63C3}"
EndProject
Project("{FAE04EC0-301F-11D3-BF4B-00C04F79EFBC}") = "XBSLink.Library.XLinkKai", "XBSLink.Library.XLinkKai\XBSLink.Library.XLinkKai.csproj", "{1D560A92-4224-4638-8E9D-0B42F25F9219}"
EndProject
Project("{FAE04EC0-301F-11D3-BF4B-00C04F79EFBC}") = "XBSLink.Client.Android", "XBSLink.Client.Android\XBSLink.Client.Android.csproj", "{6376F692-002B-4AFA-82BD-30FA8C797F90}"
EndProject
Global
	GlobalSection(SolutionConfigurationPlatforms) = preSolution
		Debug|Any CPU = Debug|Any CPU
		Debug|x86 = Debug|x86
		Release|Any CPU = Release|Any CPU
		Release|x86 = Release|x86
	EndGlobalSection
	GlobalSection(ProjectConfigurationPlatforms) = postSolution
		{0E25778C-03CD-4751-A2B1-4DE07DCAE333}.Debug|Any CPU.ActiveCfg = Debug|Any CPU
		{0E25778C-03CD-4751-A2B1-4DE07DCAE333}.Debug|Any CPU.Build.0 = Debug|Any CPU
		{0E25778C-03CD-4751-A2B1-4DE07DCAE333}.Debug|x86.ActiveCfg = Debug|Any CPU
		{0E25778C-03CD-4751-A2B1-4DE07DCAE333}.Release|Any CPU.ActiveCfg = Release|Any CPU
		{0E25778C-03CD-4751-A2B1-4DE07DCAE333}.Release|Any CPU.Build.0 = Release|Any CPU
		{0E25778C-03CD-4751-A2B1-4DE07DCAE333}.Release|x86.ActiveCfg = Release|Any CPU
		{1D560A92-4224-4638-8E9D-0B42F25F9219}.Debug|Any CPU.ActiveCfg = Debug|Any CPU
		{1D560A92-4224-4638-8E9D-0B42F25F9219}.Debug|Any CPU.Build.0 = Debug|Any CPU
		{1D560A92-4224-4638-8E9D-0B42F25F9219}.Debug|x86.ActiveCfg = Debug|Any CPU
		{1D560A92-4224-4638-8E9D-0B42F25F9219}.Release|Any CPU.ActiveCfg = Release|Any CPU
		{1D560A92-4224-4638-8E9D-0B42F25F9219}.Release|Any CPU.Build.0 = Release|Any CPU
		{1D560A92-4224-4638-8E9D-0B42F25F9219}.Release|x86.ActiveCfg = Release|Any CPU
		{24262E52-1304-4A25-8F73-A3B06E40592E}.Debug|Any CPU.ActiveCfg = Debug|Any CPU
		{24262E52-1304-4A25-8F73-A3B06E40592E}.Debug|Any CPU.Build.0 = Debug|Any CPU
		{24262E52-1304-4A25-8F73-A3B06E40592E}.Debug|x86.ActiveCfg = Debug|Any CPU
		{24262E52-1304-4A25-8F73-A3B06E40592E}.Release|Any CPU.ActiveCfg = Release|Any CPU
		{24262E52-1304-4A25-8F73-A3B06E40592E}.Release|Any CPU.Build.0 = Release|Any CPU
		{24262E52-1304-4A25-8F73-A3B06E40592E}.Release|x86.ActiveCfg = Release|Any CPU
		{2B4520E7-03ED-4EA6-A1AA-D2E5C692837C}.Debug|Any CPU.ActiveCfg = Debug|Any CPU
		{2B4520E7-03ED-4EA6-A1AA-D2E5C692837C}.Debug|Any CPU.Build.0 = Debug|Any CPU
		{2B4520E7-03ED-4EA6-A1AA-D2E5C692837C}.Debug|x86.ActiveCfg = Debug|Any CPU
		{2B4520E7-03ED-4EA6-A1AA-D2E5C692837C}.Release|Any CPU.ActiveCfg = Release|Any CPU
		{2B4520E7-03ED-4EA6-A1AA-D2E5C692837C}.Release|Any CPU.Build.0 = Release|Any CPU
		{2B4520E7-03ED-4EA6-A1AA-D2E5C692837C}.Release|x86.ActiveCfg = Release|Any CPU
		{55ABBA4C-AAF9-4726-A592-0C92436CEC92}.Debug|Any CPU.ActiveCfg = Debug|Any CPU
		{55ABBA4C-AAF9-4726-A592-0C92436CEC92}.Debug|Any CPU.Build.0 = Debug|Any CPU
		{55ABBA4C-AAF9-4726-A592-0C92436CEC92}.Debug|x86.ActiveCfg = Debug|Any CPU
		{55ABBA4C-AAF9-4726-A592-0C92436CEC92}.Release|Any CPU.ActiveCfg = Release|Any CPU
		{55ABBA4C-AAF9-4726-A592-0C92436CEC92}.Release|Any CPU.Build.0 = Release|Any CPU
		{55ABBA4C-AAF9-4726-A592-0C92436CEC92}.Release|x86.ActiveCfg = Release|Any CPU
		{5E07D6A8-870B-4ABD-A223-DFA9AECD63C3}.Debug|Any CPU.ActiveCfg = Debug|Any CPU
		{5E07D6A8-870B-4ABD-A223-DFA9AECD63C3}.Debug|Any CPU.Build.0 = Debug|Any CPU
		{5E07D6A8-870B-4ABD-A223-DFA9AECD63C3}.Debug|x86.ActiveCfg = Debug|Any CPU
		{5E07D6A8-870B-4ABD-A223-DFA9AECD63C3}.Release|Any CPU.ActiveCfg = Release|Any CPU
		{5E07D6A8-870B-4ABD-A223-DFA9AECD63C3}.Release|Any CPU.Build.0 = Release|Any CPU
		{5E07D6A8-870B-4ABD-A223-DFA9AECD63C3}.Release|x86.ActiveCfg = Release|Any CPU
		{60AED2EE-9511-4FC0-BE50-DC440E4EF254}.Debug|Any CPU.ActiveCfg = Debug|Any CPU
		{60AED2EE-9511-4FC0-BE50-DC440E4EF254}.Debug|Any CPU.Build.0 = Debug|Any CPU
		{60AED2EE-9511-4FC0-BE50-DC440E4EF254}.Debug|x86.ActiveCfg = Debug|x86
		{60AED2EE-9511-4FC0-BE50-DC440E4EF254}.Debug|x86.Build.0 = Debug|x86
		{60AED2EE-9511-4FC0-BE50-DC440E4EF254}.Release|Any CPU.ActiveCfg = Release|Any CPU
		{60AED2EE-9511-4FC0-BE50-DC440E4EF254}.Release|Any CPU.Build.0 = Release|Any CPU
		{60AED2EE-9511-4FC0-BE50-DC440E4EF254}.Release|x86.ActiveCfg = Release|x86
		{60AED2EE-9511-4FC0-BE50-DC440E4EF254}.Release|x86.Build.0 = Release|x86
		{6376F692-002B-4AFA-82BD-30FA8C797F90}.Debug|Any CPU.ActiveCfg = Debug|Any CPU
		{6376F692-002B-4AFA-82BD-30FA8C797F90}.Debug|Any CPU.Build.0 = Debug|Any CPU
		{6376F692-002B-4AFA-82BD-30FA8C797F90}.Debug|Any CPU.Deploy.0 = Debug|Any CPU
		{6376F692-002B-4AFA-82BD-30FA8C797F90}.Debug|x86.ActiveCfg = Debug|Any CPU
		{6376F692-002B-4AFA-82BD-30FA8C797F90}.Release|Any CPU.ActiveCfg = Release|Any CPU
		{6376F692-002B-4AFA-82BD-30FA8C797F90}.Release|Any CPU.Build.0 = Release|Any CPU
		{6376F692-002B-4AFA-82BD-30FA8C797F90}.Release|Any CPU.Deploy.0 = Release|Any CPU
		{6376F692-002B-4AFA-82BD-30FA8C797F90}.Release|x86.ActiveCfg = Release|Any CPU
		{A7D94057-D33F-4521-9B01-3EBB8C930BD2}.Debug|Any CPU.ActiveCfg = Debug|Any CPU
		{A7D94057-D33F-4521-9B01-3EBB8C930BD2}.Debug|Any CPU.Build.0 = Debug|Any CPU
		{A7D94057-D33F-4521-9B01-3EBB8C930BD2}.Debug|x86.ActiveCfg = Debug|Any CPU
		{A7D94057-D33F-4521-9B01-3EBB8C930BD2}.Release|Any CPU.ActiveCfg = Release|Any CPU
		{A7D94057-D33F-4521-9B01-3EBB8C930BD2}.Release|Any CPU.Build.0 = Release|Any CPU
		{A7D94057-D33F-4521-9B01-3EBB8C930BD2}.Release|x86.ActiveCfg = Release|Any CPU
		{F5D74163-145F-47BF-83DC-D0E07249C6CA}.Debug|Any CPU.ActiveCfg = Debug|Any CPU
		{F5D74163-145F-47BF-83DC-D0E07249C6CA}.Debug|Any CPU.Build.0 = Debug|Any CPU
		{F5D74163-145F-47BF-83DC-D0E07249C6CA}.Debug|x86.ActiveCfg = Debug|Any CPU
		{F5D74163-145F-47BF-83DC-D0E07249C6CA}.Release|Any CPU.ActiveCfg = Release|Any CPU
		{F5D74163-145F-47BF-83DC-D0E07249C6CA}.Release|Any CPU.Build.0 = Release|Any CPU
		{F5D74163-145F-47BF-83DC-D0E07249C6CA}.Release|x86.ActiveCfg = Release|Any CPU
	EndGlobalSection
	GlobalSection(SolutionProperties) = preSolution
		HideSolutionNode = FALSE
	EndGlobalSection
EndGlobal
